
Microsoft Visual Studio Solution File, Format Version 12.00
# Visual Studio Version 17
VisualStudioVersion = 17.7.33906.173
MinimumVisualStudioVersion = 10.0.40219.1
Project("{FAE04EC0-301F-11D3-BF4B-00C04F79EFBC}") = "WebApplication1", "WebApplication1\WebApplication1.csproj", "{31DE2F38-302E-4276-97B2-3218AB004F7B}"
EndProject
Global
	GlobalSection(SolutionConfigurationPlatforms) = preSolution
		Debug|Any CPU = Debug|Any CPU
		Release|Any CPU = Release|Any CPU
	EndGlobalSection
	GlobalSection(ProjectConfigurationPlatforms) = postSolution
		{31DE2F38-302E-4276-97B2-3218AB004F7B}.Debug|Any CPU.ActiveCfg = Debug|Any CPU
		{31DE2F38-302E-4276-97B2-3218AB004F7B}.Debug|Any CPU.Build.0 = Debug|Any CPU
		{31DE2F38-302E-4276-97B2-3218AB004F7B}.Release|Any CPU.ActiveCfg = Release|Any CPU
		{31DE2F38-302E-4276-97B2-3218AB004F7B}.Release|Any CPU.Build.0 = Release|Any CPU
	EndGlobalSection
	GlobalSection(SolutionProperties) = preSolution
		HideSolutionNode = FALSE
	EndGlobalSection
	GlobalSection(ExtensibilityGlobals) = postSolution
		SolutionGuid = {FF1F7DAE-E46D-4756-8503-52515BC03EE1}
	EndGlobalSection
EndGlobal
